// !$*UTF8*$!
{
	archiveVersion = 1;
	classes = {
	};
	objectVersion = 46;
	objects = {

/* Begin PBXBuildFile section */
		A3E061581B2EBBCC008DF4EB /* main.m in Sources */ = {isa = PBXBuildFile; fileRef = A3E061571B2EBBCC008DF4EB /* main.m */; };
		A3E0615B1B2EBBCC008DF4EB /* AppDelegate.m in Sources */ = {isa = PBXBuildFile; fileRef = A3E0615A1B2EBBCC008DF4EB /* AppDelegate.m */; };
		A3E0615E1B2EBBCC008DF4EB /* ViewController.m in Sources */ = {isa = PBXBuildFile; fileRef = A3E0615D1B2EBBCC008DF4EB /* ViewController.m */; };
		A3E061611B2EBBCC008DF4EB /* Main.storyboard in Resources */ = {isa = PBXBuildFile; fileRef = A3E0615F1B2EBBCC008DF4EB /* Main.storyboard */; };
		A3E061631B2EBBCC008DF4EB /* Images.xcassets in Resources */ = {isa = PBXBuildFile; fileRef = A3E061621B2EBBCC008DF4EB /* Images.xcassets */; };
		A3E061661B2EBBCC008DF4EB /* LaunchScreen.xib in Resources */ = {isa = PBXBuildFile; fileRef = A3E061641B2EBBCC008DF4EB /* LaunchScreen.xib */; };
		A3E061721B2EBBCC008DF4EB /* jsonModelDemoTests.m in Sources */ = {isa = PBXBuildFile; fileRef = A3E061711B2EBBCC008DF4EB /* jsonModelDemoTests.m */; };
		A3E061951B2EBC32008DF4EB /* JSONModel.m in Sources */ = {isa = PBXBuildFile; fileRef = A3E0617E1B2EBC32008DF4EB /* JSONModel.m */; };
		A3E061961B2EBC32008DF4EB /* JSONModelArray.m in Sources */ = {isa = PBXBuildFile; fileRef = A3E061801B2EBC32008DF4EB /* JSONModelArray.m */; };
		A3E061971B2EBC32008DF4EB /* JSONModelClassProperty.m in Sources */ = {isa = PBXBuildFile; fileRef = A3E061821B2EBC32008DF4EB /* JSONModelClassProperty.m */; };
		A3E061981B2EBC32008DF4EB /* JSONModelError.m in Sources */ = {isa = PBXBuildFile; fileRef = A3E061841B2EBC32008DF4EB /* JSONModelError.m */; };
		A3E061991B2EBC32008DF4EB /* NSArray+JSONModel.m in Sources */ = {isa = PBXBuildFile; fileRef = A3E061871B2EBC32008DF4EB /* NSArray+JSONModel.m */; };
		A3E0619A1B2EBC32008DF4EB /* JSONAPI.m in Sources */ = {isa = PBXBuildFile; fileRef = A3E0618B1B2EBC32008DF4EB /* JSONAPI.m */; };
		A3E0619B1B2EBC32008DF4EB /* JSONHTTPClient.m in Sources */ = {isa = PBXBuildFile; fileRef = A3E0618D1B2EBC32008DF4EB /* JSONHTTPClient.m */; };
		A3E0619C1B2EBC32008DF4EB /* JSONModel+networking.m in Sources */ = {isa = PBXBuildFile; fileRef = A3E0618F1B2EBC32008DF4EB /* JSONModel+networking.m */; };
		A3E0619D1B2EBC32008DF4EB /* JSONKeyMapper.m in Sources */ = {isa = PBXBuildFile; fileRef = A3E061921B2EBC32008DF4EB /* JSONKeyMapper.m */; };
		A3E0619E1B2EBC32008DF4EB /* JSONValueTransformer.m in Sources */ = {isa = PBXBuildFile; fileRef = A3E061941B2EBC32008DF4EB /* JSONValueTransformer.m */; };
		A3E061A01B2EBD30008DF4EB /* SystemConfiguration.framework in Frameworks */ = {isa = PBXBuildFile; fileRef = A3E0619F1B2EBD30008DF4EB /* SystemConfiguration.framework */; };
		A3E061A11B2EBD5B008DF4EB /* SystemConfiguration.framework in Frameworks */ = {isa = PBXBuildFile; fileRef = A3E0619F1B2EBD30008DF4EB /* SystemConfiguration.framework */; };
		A3E061B11B2EC10F008DF4EB /* btnCheck.png in Resources */ = {isa = PBXBuildFile; fileRef = A3E061AB1B2EC10F008DF4EB /* btnCheck.png */; };
		A3E061B21B2EC10F008DF4EB /* btnCheck@2x.png in Resources */ = {isa = PBXBuildFile; fileRef = A3E061AC1B2EC10F008DF4EB /* btnCheck@2x.png */; };
		A3E061B31B2EC10F008DF4EB /* HUD.m in Sources */ = {isa = PBXBuildFile; fileRef = A3E061AE1B2EC10F008DF4EB /* HUD.m */; };
		A3E061B41B2EC10F008DF4EB /* MBProgressHUD.m in Sources */ = {isa = PBXBuildFile; fileRef = A3E061B01B2EC10F008DF4EB /* MBProgressHUD.m */; };
		A3E061B81B2EC66C008DF4EB /* GarDensModel.m in Sources */ = {isa = PBXBuildFile; fileRef = A3E061B71B2EC66C008DF4EB /* GarDensModel.m */; };
/* End PBXBuildFile section */

/* Begin PBXContainerItemProxy section */
		A3E0616C1B2EBBCC008DF4EB /* PBXContainerItemProxy */ = {
			isa = PBXContainerItemProxy;
			containerPortal = A3E0614A1B2EBBCC008DF4EB /* Project object */;
			proxyType = 1;
			remoteGlobalIDString = A3E061511B2EBBCC008DF4EB;
			remoteInfo = jsonModelDemo;
		};
/* End PBXContainerItemProxy section */

/* Begin PBXFileReference section */
		A3E061521B2EBBCC008DF4EB /* jsonModelDemo.app */ = {isa = PBXFileReference; explicitFileType = wrapper.application; includeInIndex = 0; path = jsonModelDemo.app; sourceTree = BUILT_PRODUCTS_DIR; };
		A3E061561B2EBBCC008DF4EB /* Info.plist */ = {isa = PBXFileReference; lastKnownFileType = text.plist.xml; path = Info.plist; sourceTree = "<group>"; };
		A3E061571B2EBBCC008DF4EB /* main.m */ = {isa = PBXFileReference; lastKnownFileType = sourcecode.c.objc; path = main.m; sourceTree = "<group>"; };
		A3E061591B2EBBCC008DF4EB /* AppDelegate.h */ = {isa = PBXFileReference; lastKnownFileType = sourcecode.c.h; path = AppDelegate.h; sourceTree = "<group>"; };
		A3E0615A1B2EBBCC008DF4EB /* AppDelegate.m */ = {isa = PBXFileReference; lastKnownFileType = sourcecode.c.objc; path = AppDelegate.m; sourceTree = "<group>"; };
		A3E0615C1B2EBBCC008DF4EB /* ViewController.h */ = {isa = PBXFileReference; lastKnownFileType = sourcecode.c.h; path = ViewController.h; sourceTree = "<group>"; };
		A3E0615D1B2EBBCC008DF4EB /* ViewController.m */ = {isa = PBXFileReference; lastKnownFileType = sourcecode.c.objc; path = ViewController.m; sourceTree = "<group>"; };
		A3E061601B2EBBCC008DF4EB /* Base */ = {isa = PBXFileReference; lastKnownFileType = file.storyboard; name = Base; path = Base.lproj/Main.storyboard; sourceTree = "<group>"; };
		A3E061621B2EBBCC008DF4EB /* Images.xcassets */ = {isa = PBXFileReference; lastKnownFileType = folder.assetcatalog; path = Images.xcassets; sourceTree = "<group>"; };
		A3E061651B2EBBCC008DF4EB /* Base */ = {isa = PBXFileReference; lastKnownFileType = file.xib; name = Base; path = Base.lproj/LaunchScreen.xib; sourceTree = "<group>"; };
		A3E0616B1B2EBBCC008DF4EB /* jsonModelDemoTests.xctest */ = {isa = PBXFileReference; explicitFileType = wrapper.cfbundle; includeInIndex = 0; path = jsonModelDemoTests.xctest; sourceTree = BUILT_PRODUCTS_DIR; };
		A3E061701B2EBBCC008DF4EB /* Info.plist */ = {isa = PBXFileReference; lastKnownFileType = text.plist.xml; path = Info.plist; sourceTree = "<group>"; };
		A3E061711B2EBBCC008DF4EB /* jsonModelDemoTests.m */ = {isa = PBXFileReference; lastKnownFileType = sourcecode.c.objc; path = jsonModelDemoTests.m; sourceTree = "<group>"; };
		A3E0617D1B2EBC32008DF4EB /* JSONModel.h */ = {isa = PBXFileReference; fileEncoding = 4; lastKnownFileType = sourcecode.c.h; path = JSONModel.h; sourceTree = "<group>"; };
		A3E0617E1B2EBC32008DF4EB /* JSONModel.m */ = {isa = PBXFileReference; fileEncoding = 4; lastKnownFileType = sourcecode.c.objc; path = JSONModel.m; sourceTree = "<group>"; };
		A3E0617F1B2EBC32008DF4EB /* JSONModelArray.h */ = {isa = PBXFileReference; fileEncoding = 4; lastKnownFileType = sourcecode.c.h; path = JSONModelArray.h; sourceTree = "<group>"; };
		A3E061801B2EBC32008DF4EB /* JSONModelArray.m */ = {isa = PBXFileReference; fileEncoding = 4; lastKnownFileType = sourcecode.c.objc; path = JSONModelArray.m; sourceTree = "<group>"; };
		A3E061811B2EBC32008DF4EB /* JSONModelClassProperty.h */ = {isa = PBXFileReference; fileEncoding = 4; lastKnownFileType = sourcecode.c.h; path = JSONModelClassProperty.h; sourceTree = "<group>"; };
		A3E061821B2EBC32008DF4EB /* JSONModelClassProperty.m */ = {isa = PBXFileReference; fileEncoding = 4; lastKnownFileType = sourcecode.c.objc; path = JSONModelClassProperty.m; sourceTree = "<group>"; };
		A3E061831B2EBC32008DF4EB /* JSONModelError.h */ = {isa = PBXFileReference; fileEncoding = 4; lastKnownFileType = sourcecode.c.h; path = JSONModelError.h; sourceTree = "<group>"; };
		A3E061841B2EBC32008DF4EB /* JSONModelError.m */ = {isa = PBXFileReference; fileEncoding = 4; lastKnownFileType = sourcecode.c.objc; path = JSONModelError.m; sourceTree = "<group>"; };
		A3E061861B2EBC32008DF4EB /* NSArray+JSONModel.h */ = {isa = PBXFileReference; fileEncoding = 4; lastKnownFileType = sourcecode.c.h; path = "NSArray+JSONModel.h"; sourceTree = "<group>"; };
		A3E061871B2EBC32008DF4EB /* NSArray+JSONModel.m */ = {isa = PBXFileReference; fileEncoding = 4; lastKnownFileType = sourcecode.c.objc; path = "NSArray+JSONModel.m"; sourceTree = "<group>"; };
		A3E061881B2EBC32008DF4EB /* JSONModelLib.h */ = {isa = PBXFileReference; fileEncoding = 4; lastKnownFileType = sourcecode.c.h; path = JSONModelLib.h; sourceTree = "<group>"; };
		A3E0618A1B2EBC32008DF4EB /* JSONAPI.h */ = {isa = PBXFileReference; fileEncoding = 4; lastKnownFileType = sourcecode.c.h; path = JSONAPI.h; sourceTree = "<group>"; };
		A3E0618B1B2EBC32008DF4EB /* JSONAPI.m */ = {isa = PBXFileReference; fileEncoding = 4; lastKnownFileType = sourcecode.c.objc; path = JSONAPI.m; sourceTree = "<group>"; };
		A3E0618C1B2EBC32008DF4EB /* JSONHTTPClient.h */ = {isa = PBXFileReference; fileEncoding = 4; lastKnownFileType = sourcecode.c.h; path = JSONHTTPClient.h; sourceTree = "<group>"; };
		A3E0618D1B2EBC32008DF4EB /* JSONHTTPClient.m */ = {isa = PBXFileReference; fileEncoding = 4; lastKnownFileType = sourcecode.c.objc; path = JSONHTTPClient.m; sourceTree = "<group>"; };
		A3E0618E1B2EBC32008DF4EB /* JSONModel+networking.h */ = {isa = PBXFileReference; fileEncoding = 4; lastKnownFileType = sourcecode.c.h; path = "JSONModel+networking.h"; sourceTree = "<group>"; };
		A3E0618F1B2EBC32008DF4EB /* JSONModel+networking.m */ = {isa = PBXFileReference; fileEncoding = 4; lastKnownFileType = sourcecode.c.objc; path = "JSONModel+networking.m"; sourceTree = "<group>"; };
		A3E061911B2EBC32008DF4EB /* JSONKeyMapper.h */ = {isa = PBXFileReference; fileEncoding = 4; lastKnownFileType = sourcecode.c.h; path = JSONKeyMapper.h; sourceTree = "<group>"; };
		A3E061921B2EBC32008DF4EB /* JSONKeyMapper.m */ = {isa = PBXFileReference; fileEncoding = 4; lastKnownFileType = sourcecode.c.objc; path = JSONKeyMapper.m; sourceTree = "<group>"; };
		A3E061931B2EBC32008DF4EB /* JSONValueTransformer.h */ = {isa = PBXFileReference; fileEncoding = 4; lastKnownFileType = sourcecode.c.h; path = JSONValueTransformer.h; sourceTree = "<group>"; };
		A3E061941B2EBC32008DF4EB /* JSONValueTransformer.m */ = {isa = PBXFileReference; fileEncoding = 4; lastKnownFileType = sourcecode.c.objc; path = JSONValueTransformer.m; sourceTree = "<group>"; };
		A3E0619F1B2EBD30008DF4EB /* SystemConfiguration.framework */ = {isa = PBXFileReference; lastKnownFileType = wrapper.framework; name = SystemConfiguration.framework; path = System/Library/Frameworks/SystemConfiguration.framework; sourceTree = SDKROOT; };
		A3E061AB1B2EC10F008DF4EB /* btnCheck.png */ = {isa = PBXFileReference; lastKnownFileType = image.png; path = btnCheck.png; sourceTree = "<group>"; };
		A3E061AC1B2EC10F008DF4EB /* btnCheck@2x.png */ = {isa = PBXFileReference; lastKnownFileType = image.png; path = "btnCheck@2x.png"; sourceTree = "<group>"; };
		A3E061AD1B2EC10F008DF4EB /* HUD.h */ = {isa = PBXFileReference; fileEncoding = 4; lastKnownFileType = sourcecode.c.h; path = HUD.h; sourceTree = "<group>"; };
		A3E061AE1B2EC10F008DF4EB /* HUD.m */ = {isa = PBXFileReference; fileEncoding = 4; lastKnownFileType = sourcecode.c.objc; path = HUD.m; sourceTree = "<group>"; };
		A3E061AF1B2EC10F008DF4EB /* MBProgressHUD.h */ = {isa = PBXFileReference; fileEncoding = 4; lastKnownFileType = sourcecode.c.h; path = MBProgressHUD.h; sourceTree = "<group>"; };
		A3E061B01B2EC10F008DF4EB /* MBProgressHUD.m */ = {isa = PBXFileReference; fileEncoding = 4; lastKnownFileType = sourcecode.c.objc; path = MBProgressHUD.m; sourceTree = "<group>"; };
		A3E061B61B2EC66C008DF4EB /* GarDensModel.h */ = {isa = PBXFileReference; fileEncoding = 4; lastKnownFileType = sourcecode.c.h; path = GarDensModel.h; sourceTree = "<group>"; };
		A3E061B71B2EC66C008DF4EB /* GarDensModel.m */ = {isa = PBXFileReference; fileEncoding = 4; lastKnownFileType = sourcecode.c.objc; path = GarDensModel.m; sourceTree = "<group>"; };
/* End PBXFileReference section */

/* Begin PBXFrameworksBuildPhase section */
		A3E0614F1B2EBBCC008DF4EB /* Frameworks */ = {
			isa = PBXFrameworksBuildPhase;
			buildActionMask = 2147483647;
			files = (
				A3E061A01B2EBD30008DF4EB /* SystemConfiguration.framework in Frameworks */,
			);
			runOnlyForDeploymentPostprocessing = 0;
		};
		A3E061681B2EBBCC008DF4EB /* Frameworks */ = {
			isa = PBXFrameworksBuildPhase;
			buildActionMask = 2147483647;
			files = (
				A3E061A11B2EBD5B008DF4EB /* SystemConfiguration.framework in Frameworks */,
			);
			runOnlyForDeploymentPostprocessing = 0;
		};
/* End PBXFrameworksBuildPhase section */

/* Begin PBXGroup section */
		A3E061491B2EBBCC008DF4EB = {
			isa = PBXGroup;
			children = (
				A3E0619F1B2EBD30008DF4EB /* SystemConfiguration.framework */,
				A3E0617B1B2EBC32008DF4EB /* JSONModel */,
				A3E061541B2EBBCC008DF4EB /* jsonModelDemo */,
				A3E0616E1B2EBBCC008DF4EB /* jsonModelDemoTests */,
				A3E061531B2EBBCC008DF4EB /* Products */,
			);
			sourceTree = "<group>";
		};
		A3E061531B2EBBCC008DF4EB /* Products */ = {
			isa = PBXGroup;
			children = (
				A3E061521B2EBBCC008DF4EB /* jsonModelDemo.app */,
				A3E0616B1B2EBBCC008DF4EB /* jsonModelDemoTests.xctest */,
			);
			name = Products;
			sourceTree = "<group>";
		};
		A3E061541B2EBBCC008DF4EB /* jsonModelDemo */ = {
			isa = PBXGroup;
			children = (
				A3E061AA1B2EC0F0008DF4EB /* HUD */,
				A3E061A31B2EBE9F008DF4EB /* model */,
				A3E061591B2EBBCC008DF4EB /* AppDelegate.h */,
				A3E0615A1B2EBBCC008DF4EB /* AppDelegate.m */,
				A3E0615C1B2EBBCC008DF4EB /* ViewController.h */,
				A3E0615D1B2EBBCC008DF4EB /* ViewController.m */,
				A3E0615F1B2EBBCC008DF4EB /* Main.storyboard */,
				A3E061621B2EBBCC008DF4EB /* Images.xcassets */,
				A3E061641B2EBBCC008DF4EB /* LaunchScreen.xib */,
				A3E061551B2EBBCC008DF4EB /* Supporting Files */,
			);
			path = jsonModelDemo;
			sourceTree = "<group>";
		};
		A3E061551B2EBBCC008DF4EB /* Supporting Files */ = {
			isa = PBXGroup;
			children = (
				A3E061561B2EBBCC008DF4EB /* Info.plist */,
				A3E061571B2EBBCC008DF4EB /* main.m */,
			);
			name = "Supporting Files";
			sourceTree = "<group>";
		};
		A3E0616E1B2EBBCC008DF4EB /* jsonModelDemoTests */ = {
			isa = PBXGroup;
			children = (
				A3E061711B2EBBCC008DF4EB /* jsonModelDemoTests.m */,
				A3E0616F1B2EBBCC008DF4EB /* Supporting Files */,
			);
			path = jsonModelDemoTests;
			sourceTree = "<group>";
		};
		A3E0616F1B2EBBCC008DF4EB /* Supporting Files */ = {
			isa = PBXGroup;
			children = (
				A3E061701B2EBBCC008DF4EB /* Info.plist */,
			);
			name = "Supporting Files";
			sourceTree = "<group>";
		};
		A3E0617B1B2EBC32008DF4EB /* JSONModel */ = {
			isa = PBXGroup;
			children = (
				A3E0617C1B2EBC32008DF4EB /* JSONModel */,
				A3E061851B2EBC32008DF4EB /* JSONModelCategories */,
				A3E061881B2EBC32008DF4EB /* JSONModelLib.h */,
				A3E061891B2EBC32008DF4EB /* JSONModelNetworking */,
				A3E061901B2EBC32008DF4EB /* JSONModelTransformations */,
			);
			path = JSONModel;
			sourceTree = "<group>";
		};
		A3E0617C1B2EBC32008DF4EB /* JSONModel */ = {
			isa = PBXGroup;
			children = (
				A3E0617D1B2EBC32008DF4EB /* JSONModel.h */,
				A3E0617E1B2EBC32008DF4EB /* JSONModel.m */,
				A3E0617F1B2EBC32008DF4EB /* JSONModelArray.h */,
				A3E061801B2EBC32008DF4EB /* JSONModelArray.m */,
				A3E061811B2EBC32008DF4EB /* JSONModelClassProperty.h */,
				A3E061821B2EBC32008DF4EB /* JSONModelClassProperty.m */,
				A3E061831B2EBC32008DF4EB /* JSONModelError.h */,
				A3E061841B2EBC32008DF4EB /* JSONModelError.m */,
			);
			path = JSONModel;
			sourceTree = "<group>";
		};
		A3E061851B2EBC32008DF4EB /* JSONModelCategories */ = {
			isa = PBXGroup;
			children = (
				A3E061861B2EBC32008DF4EB /* NSArray+JSONModel.h */,
				A3E061871B2EBC32008DF4EB /* NSArray+JSONModel.m */,
			);
			path = JSONModelCategories;
			sourceTree = "<group>";
		};
		A3E061891B2EBC32008DF4EB /* JSONModelNetworking */ = {
			isa = PBXGroup;
			children = (
				A3E0618A1B2EBC32008DF4EB /* JSONAPI.h */,
				A3E0618B1B2EBC32008DF4EB /* JSONAPI.m */,
				A3E0618C1B2EBC32008DF4EB /* JSONHTTPClient.h */,
				A3E0618D1B2EBC32008DF4EB /* JSONHTTPClient.m */,
				A3E0618E1B2EBC32008DF4EB /* JSONModel+networking.h */,
				A3E0618F1B2EBC32008DF4EB /* JSONModel+networking.m */,
			);
			path = JSONModelNetworking;
			sourceTree = "<group>";
		};
		A3E061901B2EBC32008DF4EB /* JSONModelTransformations */ = {
			isa = PBXGroup;
			children = (
				A3E061911B2EBC32008DF4EB /* JSONKeyMapper.h */,
				A3E061921B2EBC32008DF4EB /* JSONKeyMapper.m */,
				A3E061931B2EBC32008DF4EB /* JSONValueTransformer.h */,
				A3E061941B2EBC32008DF4EB /* JSONValueTransformer.m */,
			);
			path = JSONModelTransformations;
			sourceTree = "<group>";
		};
		A3E061A31B2EBE9F008DF4EB /* model */ = {
			isa = PBXGroup;
			children = (
				A3E061B61B2EC66C008DF4EB /* GarDensModel.h */,
				A3E061B71B2EC66C008DF4EB /* GarDensModel.m */,
			);
			name = model;
			sourceTree = "<group>";
		};
		A3E061AA1B2EC0F0008DF4EB /* HUD */ = {
			isa = PBXGroup;
			children = (
				A3E061AB1B2EC10F008DF4EB /* btnCheck.png */,
				A3E061AC1B2EC10F008DF4EB /* btnCheck@2x.png */,
				A3E061AD1B2EC10F008DF4EB /* HUD.h */,
				A3E061AE1B2EC10F008DF4EB /* HUD.m */,
				A3E061AF1B2EC10F008DF4EB /* MBProgressHUD.h */,
				A3E061B01B2EC10F008DF4EB /* MBProgressHUD.m */,
			);
			name = HUD;
			sourceTree = "<group>";
		};
/* End PBXGroup section */

/* Begin PBXNativeTarget section */
		A3E061511B2EBBCC008DF4EB /* jsonModelDemo */ = {
			isa = PBXNativeTarget;
			buildConfigurationList = A3E061751B2EBBCC008DF4EB /* Build configuration list for PBXNativeTarget "jsonModelDemo" */;
			buildPhases = (
				A3E0614E1B2EBBCC008DF4EB /* Sources */,
				A3E0614F1B2EBBCC008DF4EB /* Frameworks */,
				A3E061501B2EBBCC008DF4EB /* Resources */,
			);
			buildRules = (
			);
			dependencies = (
			);
			name = jsonModelDemo;
			productName = jsonModelDemo;
			productReference = A3E061521B2EBBCC008DF4EB /* jsonModelDemo.app */;
			productType = "com.apple.product-type.application";
		};
		A3E0616A1B2EBBCC008DF4EB /* jsonModelDemoTests */ = {
			isa = PBXNativeTarget;
			buildConfigurationList = A3E061781B2EBBCC008DF4EB /* Build configuration list for PBXNativeTarget "jsonModelDemoTests" */;
			buildPhases = (
				A3E061671B2EBBCC008DF4EB /* Sources */,
				A3E061681B2EBBCC008DF4EB /* Frameworks */,
				A3E061691B2EBBCC008DF4EB /* Resources */,
			);
			buildRules = (
			);
			dependencies = (
				A3E0616D1B2EBBCC008DF4EB /* PBXTargetDependency */,
			);
			name = jsonModelDemoTests;
			productName = jsonModelDemoTests;
			productReference = A3E0616B1B2EBBCC008DF4EB /* jsonModelDemoTests.xctest */;
			productType = "com.apple.product-type.bundle.unit-test";
		};
/* End PBXNativeTarget section */

/* Begin PBXProject section */
		A3E0614A1B2EBBCC008DF4EB /* Project object */ = {
			isa = PBXProject;
			attributes = {
				LastUpgradeCheck = 0630;
				ORGANIZATIONNAME = Sunny;
				TargetAttributes = {
					A3E061511B2EBBCC008DF4EB = {
						CreatedOnToolsVersion = 6.3.2;
					};
					A3E0616A1B2EBBCC008DF4EB = {
						CreatedOnToolsVersion = 6.3.2;
						TestTargetID = A3E061511B2EBBCC008DF4EB;
					};
				};
			};
			buildConfigurationList = A3E0614D1B2EBBCC008DF4EB /* Build configuration list for PBXProject "jsonModelDemo" */;
			compatibilityVersion = "Xcode 3.2";
			developmentRegion = English;
			hasScannedForEncodings = 0;
			knownRegions = (
				en,
				Base,
			);
			mainGroup = A3E061491B2EBBCC008DF4EB;
			productRefGroup = A3E061531B2EBBCC008DF4EB /* Products */;
			projectDirPath = "";
			projectRoot = "";
			targets = (
				A3E061511B2EBBCC008DF4EB /* jsonModelDemo */,
				A3E0616A1B2EBBCC008DF4EB /* jsonModelDemoTests */,
			);
		};
/* End PBXProject section */

/* Begin PBXResourcesBuildPhase section */
		A3E061501B2EBBCC008DF4EB /* Resources */ = {
			isa = PBXResourcesBuildPhase;
			buildActionMask = 2147483647;
			files = (
				A3E061B21B2EC10F008DF4EB /* btnCheck@2x.png in Resources */,
				A3E061611B2EBBCC008DF4EB /* Main.storyboard in Resources */,
				A3E061B11B2EC10F008DF4EB /* btnCheck.png in Resources */,
				A3E061661B2EBBCC008DF4EB /* LaunchScreen.xib in Resources */,
				A3E061631B2EBBCC008DF4EB /* Images.xcassets in Resources */,
			);
			runOnlyForDeploymentPostprocessing = 0;
		};
		A3E061691B2EBBCC008DF4EB /* Resources */ = {
			isa = PBXResourcesBuildPhase;
			buildActionMask = 2147483647;
			files = (
			);
			runOnlyForDeploymentPostprocessing = 0;
		};
/* End PBXResourcesBuildPhase section */

/* Begin PBXSourcesBuildPhase section */
		A3E0614E1B2EBBCC008DF4EB /* Sources */ = {
			isa = PBXSourcesBuildPhase;
			buildActionMask = 2147483647;
			files = (
				A3E0619B1B2EBC32008DF4EB /* JSONHTTPClient.m in Sources */,
				A3E061B31B2EC10F008DF4EB /* HUD.m in Sources */,
				A3E061961B2EBC32008DF4EB /* JSONModelArray.m in Sources */,
				A3E061981B2EBC32008DF4EB /* JSONModelError.m in Sources */,
				A3E0619A1B2EBC32008DF4EB /* JSONAPI.m in Sources */,
				A3E0619E1B2EBC32008DF4EB /* JSONValueTransformer.m in Sources */,
				A3E0615E1B2EBBCC008DF4EB /* ViewController.m in Sources */,
				A3E061B41B2EC10F008DF4EB /* MBProgressHUD.m in Sources */,
				A3E061951B2EBC32008DF4EB /* JSONModel.m in Sources */,
				A3E0619D1B2EBC32008DF4EB /* JSONKeyMapper.m in Sources */,
				A3E0619C1B2EBC32008DF4EB /* JSONModel+networking.m in Sources */,
				A3E061991B2EBC32008DF4EB /* NSArray+JSONModel.m in Sources */,
				A3E0615B1B2EBBCC008DF4EB /* AppDelegate.m in Sources */,
				A3E061581B2EBBCC008DF4EB /* main.m in Sources */,
				A3E061B81B2EC66C008DF4EB /* GarDensModel.m in Sources */,
				A3E061971B2EBC32008DF4EB /* JSONModelClassProperty.m in Sources */,
			);
			runOnlyForDeploymentPostprocessing = 0;
		};
		A3E061671B2EBBCC008DF4EB /* Sources */ = {
			isa = PBXSourcesBuildPhase;
			buildActionMask = 2147483647;
			files = (
				A3E061721B2EBBCC008DF4EB /* jsonModelDemoTests.m in Sources */,
			);
			runOnlyForDeploymentPostprocessing = 0;
		};
/* End PBXSourcesBuildPhase section */

/* Begin PBXTargetDependency section */
		A3E0616D1B2EBBCC008DF4EB /* PBXTargetDependency */ = {
			isa = PBXTargetDependency;
			target = A3E061511B2EBBCC008DF4EB /* jsonModelDemo */;
			targetProxy = A3E0616C1B2EBBCC008DF4EB /* PBXContainerItemProxy */;
		};
/* End PBXTargetDependency section */

/* Begin PBXVariantGroup section */
		A3E0615F1B2EBBCC008DF4EB /* Main.storyboard */ = {
			isa = PBXVariantGroup;
			children = (
				A3E061601B2EBBCC008DF4EB /* Base */,
			);
			name = Main.storyboard;
			sourceTree = "<group>";
		};
		A3E061641B2EBBCC008DF4EB /* LaunchScreen.xib */ = {
			isa = PBXVariantGroup;
			children = (
				A3E061651B2EBBCC008DF4EB /* Base */,
			);
			name = LaunchScreen.xib;
			sourceTree = "<group>";
		};
/* End PBXVariantGroup section */

/* Begin XCBuildConfiguration section */
		A3E061731B2EBBCC008DF4EB /* Debug */ = {
			isa = XCBuildConfiguration;
			buildSettings = {
				ALWAYS_SEARCH_USER_PATHS = NO;
				CLANG_CXX_LANGUAGE_STANDARD = "gnu++0x";
				CLANG_CXX_LIBRARY = "libc++";
				CLANG_ENABLE_MODULES = YES;
				CLANG_ENABLE_OBJC_ARC = YES;
				CLANG_WARN_BOOL_CONVERSION = YES;
				CLANG_WARN_CONSTANT_CONVERSION = YES;
				CLANG_WARN_DIRECT_OBJC_ISA_USAGE = YES_ERROR;
				CLANG_WARN_EMPTY_BODY = YES;
				CLANG_WARN_ENUM_CONVERSION = YES;
				CLANG_WARN_INT_CONVERSION = YES;
				CLANG_WARN_OBJC_ROOT_CLASS = YES_ERROR;
				CLANG_WARN_UNREACHABLE_CODE = YES;
				CLANG_WARN__DUPLICATE_METHOD_MATCH = YES;
				"CODE_SIGN_IDENTITY[sdk=iphoneos*]" = "iPhone Developer";
				COPY_PHASE_STRIP = NO;
				DEBUG_INFORMATION_FORMAT = "dwarf-with-dsym";
				ENABLE_STRICT_OBJC_MSGSEND = YES;
				GCC_C_LANGUAGE_STANDARD = gnu99;
				GCC_DYNAMIC_NO_PIC = NO;
				GCC_NO_COMMON_BLOCKS = YES;
				GCC_OPTIMIZATION_LEVEL = 0;
				GCC_PREPROCESSOR_DEFINITIONS = (
					"DEBUG=1",
					"$(inherited)",
				);
				GCC_SYMBOLS_PRIVATE_EXTERN = NO;
				GCC_WARN_64_TO_32_BIT_CONVERSION = YES;
				GCC_WARN_ABOUT_RETURN_TYPE = YES_ERROR;
				GCC_WARN_UNDECLARED_SELECTOR = YES;
				GCC_WARN_UNINITIALIZED_AUTOS = YES_AGGRESSIVE;
				GCC_WARN_UNUSED_FUNCTION = YES;
				GCC_WARN_UNUSED_VARIABLE = YES;
				IPHONEOS_DEPLOYMENT_TARGET = 8.3;
				MTL_ENABLE_DEBUG_INFO = YES;
				ONLY_ACTIVE_ARCH = YES;
				SDKROOT = iphoneos;
				TARGETED_DEVICE_FAMILY = "1,2";
			};
			name = Debug;
		};
		A3E061741B2EBBCC008DF4EB /* Release */ = {
			isa = XCBuildConfiguration;
			buildSettings = {
				ALWAYS_SEARCH_USER_PATHS = NO;
				CLANG_CXX_LANGUAGE_STANDARD = "gnu++0x";
				CLANG_CXX_LIBRARY = "libc++";
				CLANG_ENABLE_MODULES = YES;
				CLANG_ENABLE_OBJC_ARC = YES;
				CLANG_WARN_BOOL_CONVERSION = YES;
				CLANG_WARN_CONSTANT_CONVERSION = YES;
				CLANG_WARN_DIRECT_OBJC_ISA_USAGE = YES_ERROR;
				CLANG_WARN_EMPTY_BODY = YES;
				CLANG_WARN_ENUM_CONVERSION = YES;
				CLANG_WARN_INT_CONVERSION = YES;
				CLANG_WARN_OBJC_ROOT_CLASS = YES_ERROR;
				CLANG_WARN_UNREACHABLE_CODE = YES;
				CLANG_WARN__DUPLICATE_METHOD_MATCH = YES;
				"CODE_SIGN_IDENTITY[sdk=iphoneos*]" = "iPhone Developer";
				COPY_PHASE_STRIP = NO;
				DEBUG_INFORMATION_FORMAT = "dwarf-with-dsym";
				ENABLE_NS_ASSERTIONS = NO;
				ENABLE_STRICT_OBJC_MSGSEND = YES;
				GCC_C_LANGUAGE_STANDARD = gnu99;
				GCC_NO_COMMON_BLOCKS = YES;
				GCC_WARN_64_TO_32_BIT_CONVERSION = YES;
				GCC_WARN_ABOUT_RETURN_TYPE = YES_ERROR;
				GCC_WARN_UNDECLARED_SELECTOR = YES;
				GCC_WARN_UNINITIALIZED_AUTOS = YES_AGGRESSIVE;
				GCC_WARN_UNUSED_FUNCTION = YES;
				GCC_WARN_UNUSED_VARIABLE = YES;
				IPHONEOS_DEPLOYMENT_TARGET = 8.3;
				MTL_ENABLE_DEBUG_INFO = NO;
				SDKROOT = iphoneos;
				TARGETED_DEVICE_FAMILY = "1,2";
				VALIDATE_PRODUCT = YES;
			};
			name = Release;
		};
		A3E061761B2EBBCC008DF4EB /* Debug */ = {
			isa = XCBuildConfiguration;
			buildSettings = {
				ASSETCATALOG_COMPILER_APPICON_NAME = AppIcon;
				INFOPLIST_FILE = jsonModelDemo/Info.plist;
				LD_RUNPATH_SEARCH_PATHS = "$(inherited) @executable_path/Frameworks";
				PRODUCT_NAME = "$(TARGET_NAME)";
			};
			name = Debug;
		};
		A3E061771B2EBBCC008DF4EB /* Release */ = {
			isa = XCBuildConfiguration;
			buildSettings = {
				ASSETCATALOG_COMPILER_APPICON_NAME = AppIcon;
				INFOPLIST_FILE = jsonModelDemo/Info.plist;
				LD_RUNPATH_SEARCH_PATHS = "$(inherited) @executable_path/Frameworks";
				PRODUCT_NAME = "$(TARGET_NAME)";
			};
			name = Release;
		};
		A3E061791B2EBBCC008DF4EB /* Debug */ = {
			isa = XCBuildConfiguration;
			buildSettings = {
				BUNDLE_LOADER = "$(TEST_HOST)";
				FRAMEWORK_SEARCH_PATHS = (
					"$(SDKROOT)/Developer/Library/Frameworks",
					"$(inherited)",
				);
				GCC_PREPROCESSOR_DEFINITIONS = (
					"DEBUG=1",
					"$(inherited)",
				);
				INFOPLIST_FILE = jsonModelDemoTests/Info.plist;
				LD_RUNPATH_SEARCH_PATHS = "$(inherited) @executable_path/Frameworks @loader_path/Frameworks";
				PRODUCT_NAME = "$(TARGET_NAME)";
				TEST_HOST = "$(BUILT_PRODUCTS_DIR)/jsonModelDemo.app/jsonModelDemo";
			};
			name = Debug;
		};
		A3E0617A1B2EBBCC008DF4EB /* Release */ = {
			isa = XCBuildConfiguration;
			buildSettings = {
				BUNDLE_LOADER = "$(TEST_HOST)";
				FRAMEWORK_SEARCH_PATHS = (
					"$(SDKROOT)/Developer/Library/Frameworks",
					"$(inherited)",
				);
				INFOPLIST_FILE = jsonModelDemoTests/Info.plist;
				LD_RUNPATH_SEARCH_PATHS = "$(inherited) @executable_path/Frameworks @loader_path/Frameworks";
				PRODUCT_NAME = "$(TARGET_NAME)";
				TEST_HOST = "$(BUILT_PRODUCTS_DIR)/jsonModelDemo.app/jsonModelDemo";
			};
			name = Release;
		};
/* End XCBuildConfiguration section */

/* Begin XCConfigurationList section */
		A3E0614D1B2EBBCC008DF4EB /* Build configuration list for PBXProject "jsonModelDemo" */ = {
			isa = XCConfigurationList;
			buildConfigurations = (
				A3E061731B2EBBCC008DF4EB /* Debug */,
				A3E061741B2EBBCC008DF4EB /* Release */,
			);
			defaultConfigurationIsVisible = 0;
			defaultConfigurationName = Release;
		};
		A3E061751B2EBBCC008DF4EB /* Build configuration list for PBXNativeTarget "jsonModelDemo" */ = {
			isa = XCConfigurationList;
			buildConfigurations = (
				A3E061761B2EBBCC008DF4EB /* Debug */,
				A3E061771B2EBBCC008DF4EB /* Release */,
			);
			defaultConfigurationIsVisible = 0;
			defaultConfigurationName = Release;
		};
		A3E061781B2EBBCC008DF4EB /* Build configuration list for PBXNativeTarget "jsonModelDemoTests" */ = {
			isa = XCConfigurationList;
			buildConfigurations = (
				A3E061791B2EBBCC008DF4EB /* Debug */,
				A3E0617A1B2EBBCC008DF4EB /* Release */,
			);
			defaultConfigurationIsVisible = 0;
			defaultConfigurationName = Release;
		};
/* End XCConfigurationList section */
	};
	rootObject = A3E0614A1B2EBBCC008DF4EB /* Project object */;
}
